// !$*UTF8*$!
{
	archiveVersion = 1;
	classes = {
	};
	objectVersion = 77;
	objects = {

/* Begin PBXContainerItemProxy section */
		E09EF8362DCD13B9003CCAFD /* PBXContainerItemProxy */ = {
			isa = PBXContainerItemProxy;
			containerPortal = E09EF8192DCD13B8003CCAFD /* Project object */;
			proxyType = 1;
			remoteGlobalIDString = E09EF8202DCD13B8003CCAFD;
			remoteInfo = Databricks;
		};
		E09EF8402DCD13B9003CCAFD /* PBXContainerItemProxy */ = {
			isa = PBXContainerItemProxy;
			containerPortal = E09EF8192DCD13B8003CCAFD /* Project object */;
			proxyType = 1;
			remoteGlobalIDString = E09EF8202DCD13B8003CCAFD;
			remoteInfo = Databricks;
		};
/* End PBXContainerItemProxy section */

/* Begin PBXFileReference section */
		E09EF8212DCD13B8003CCAFD /* Databricks.app */ = {isa = PBXFileReference; explicitFileType = wrapper.application; includeInIndex = 0; path = Databricks.app; sourceTree = BUILT_PRODUCTS_DIR; };
		E09EF8352DCD13B9003CCAFD /* DatabricksTests.xctest */ = {isa = PBXFileReference; explicitFileType = wrapper.cfbundle; includeInIndex = 0; path = DatabricksTests.xctest; sourceTree = BUILT_PRODUCTS_DIR; };
		E09EF83F2DCD13B9003CCAFD /* DatabricksUITests.xctest */ = {isa = PBXFileReference; explicitFileType = wrapper.cfbundle; includeInIndex = 0; path = DatabricksUITests.xctest; sourceTree = BUILT_PRODUCTS_DIR; };
/* End PBXFileReference section */

/* Begin PBXFileSystemSynchronizedBuildFileExceptionSet section */
		E09EF8472DCD13B9003CCAFD /* Exceptions for "Databricks" folder in "Databricks" target */ = {
			isa = PBXFileSystemSynchronizedBuildFileExceptionSet;
			membershipExceptions = (
				Info.plist,
			);
			target = E09EF8202DCD13B8003CCAFD /* Databricks */;
		};
/* End PBXFileSystemSynchronizedBuildFileExceptionSet section */

/* Begin PBXFileSystemSynchronizedRootGroup section */
		E09EF8232DCD13B8003CCAFD /* Databricks */ = {
			isa = PBXFileSystemSynchronizedRootGroup;
			exceptions = (
				E09EF8472DCD13B9003CCAFD /* Exceptions for "Databricks" folder in "Databricks" target */,
			);
			path = Databricks;
			sourceTree = "<group>";
		};
		E09EF8382DCD13B9003CCAFD /* DatabricksTests */ = {
			isa = PBXFileSystemSynchronizedRootGroup;
			path = DatabricksTests;
			sourceTree = "<group>";
		};
		E09EF8422DCD13B9003CCAFD /* DatabricksUITests */ = {
			isa = PBXFileSystemSynchronizedRootGroup;
			path = DatabricksUITests;
			sourceTree = "<group>";
		};
/* End PBXFileSystemSynchronizedRootGroup section */

/* Begin PBXFrameworksBuildPhase section */
		E09EF81E2DCD13B8003CCAFD /* Frameworks */ = {
			isa = PBXFrameworksBuildPhase;
			buildActionMask = 2147483647;
			files = (
			);
			runOnlyForDeploymentPostprocessing = 0;
		};
		E09EF8322DCD13B9003CCAFD /* Frameworks */ = {
			isa = PBXFrameworksBuildPhase;
			buildActionMask = 2147483647;
			files = (
			);
			runOnlyForDeploymentPostprocessing = 0;
		};
		E09EF83C2DCD13B9003CCAFD /* Frameworks */ = {
			isa = PBXFrameworksBuildPhase;
			buildActionMask = 2147483647;
			files = (
			);
			runOnlyForDeploymentPostprocessing = 0;
		};
/* End PBXFrameworksBuildPhase section */

/* Begin PBXGroup section */
		E09EF8182DCD13B8003CCAFD = {
			isa = PBXGroup;
			children = (
				E09EF8232DCD13B8003CCAFD /* Databricks */,
				E09EF8382DCD13B9003CCAFD /* DatabricksTests */,
				E09EF8422DCD13B9003CCAFD /* DatabricksUITests */,
				E09EF8222DCD13B8003CCAFD /* Products */,
			);
			sourceTree = "<group>";
		};
		E09EF8222DCD13B8003CCAFD /* Products */ = {
			isa = PBXGroup;
			children = (
				E09EF8212DCD13B8003CCAFD /* Databricks.app */,
				E09EF8352DCD13B9003CCAFD /* DatabricksTests.xctest */,
				E09EF83F2DCD13B9003CCAFD /* DatabricksUITests.xctest */,
			);
			name = Products;
			sourceTree = "<group>";
		};
/* End PBXGroup section */

/* Begin PBXNativeTarget section */
		E09EF8202DCD13B8003CCAFD /* Databricks */ = {
			isa = PBXNativeTarget;
			buildConfigurationList = E09EF8482DCD13B9003CCAFD /* Build configuration list for PBXNativeTarget "Databricks" */;
			buildPhases = (
				E09EF81D2DCD13B8003CCAFD /* Sources */,
				E09EF81E2DCD13B8003CCAFD /* Frameworks */,
				E09EF81F2DCD13B8003CCAFD /* Resources */,
			);
			buildRules = (
			);
			dependencies = (
			);
			fileSystemSynchronizedGroups = (
				E09EF8232DCD13B8003CCAFD /* Databricks */,
			);
			name = Databricks;
			packageProductDependencies = (
			);
			productName = Databricks;
			productReference = E09EF8212DCD13B8003CCAFD /* Databricks.app */;
			productType = "com.apple.product-type.application";
		};
		E09EF8342DCD13B9003CCAFD /* DatabricksTests */ = {
			isa = PBXNativeTarget;
			buildConfigurationList = E09EF84D2DCD13B9003CCAFD /* Build configuration list for PBXNativeTarget "DatabricksTests" */;
			buildPhases = (
				E09EF8312DCD13B9003CCAFD /* Sources */,
				E09EF8322DCD13B9003CCAFD /* Frameworks */,
				E09EF8332DCD13B9003CCAFD /* Resources */,
			);
			buildRules = (
			);
			dependencies = (
				E09EF8372DCD13B9003CCAFD /* PBXTargetDependency */,
			);
			fileSystemSynchronizedGroups = (
				E09EF8382DCD13B9003CCAFD /* DatabricksTests */,
			);
			name = DatabricksTests;
			packageProductDependencies = (
			);
			productName = DatabricksTests;
			productReference = E09EF8352DCD13B9003CCAFD /* DatabricksTests.xctest */;
			productType = "com.apple.product-type.bundle.unit-test";
		};
		E09EF83E2DCD13B9003CCAFD /* DatabricksUITests */ = {
			isa = PBXNativeTarget;
			buildConfigurationList = E09EF8502DCD13B9003CCAFD /* Build configuration list for PBXNativeTarget "DatabricksUITests" */;
			buildPhases = (
				E09EF83B2DCD13B9003CCAFD /* Sources */,
				E09EF83C2DCD13B9003CCAFD /* Frameworks */,
				E09EF83D2DCD13B9003CCAFD /* Resources */,
			);
			buildRules = (
			);
			dependencies = (
				E09EF8412DCD13B9003CCAFD /* PBXTargetDependency */,
			);
			fileSystemSynchronizedGroups = (
				E09EF8422DCD13B9003CCAFD /* DatabricksUITests */,
			);
			name = DatabricksUITests;
			packageProductDependencies = (
			);
			productName = DatabricksUITests;
			productReference = E09EF83F2DCD13B9003CCAFD /* DatabricksUITests.xctest */;
			productType = "com.apple.product-type.bundle.ui-testing";
		};
/* End PBXNativeTarget section */

/* Begin PBXProject section */
		E09EF8192DCD13B8003CCAFD /* Project object */ = {
			isa = PBXProject;
			attributes = {
				BuildIndependentTargetsInParallel = 1;
				LastSwiftUpdateCheck = 1620;
				LastUpgradeCheck = 1620;
				TargetAttributes = {
					E09EF8202DCD13B8003CCAFD = {
						CreatedOnToolsVersion = 16.2;
					};
					E09EF8342DCD13B9003CCAFD = {
						CreatedOnToolsVersion = 16.2;
						TestTargetID = E09EF8202DCD13B8003CCAFD;
					};
					E09EF83E2DCD13B9003CCAFD = {
						CreatedOnToolsVersion = 16.2;
						TestTargetID = E09EF8202DCD13B8003CCAFD;
					};
				};
			};
			buildConfigurationList = E09EF81C2DCD13B8003CCAFD /* Build configuration list for PBXProject "Databricks" */;
			developmentRegion = en;
			hasScannedForEncodings = 0;
			knownRegions = (
				en,
				Base,
			);
			mainGroup = E09EF8182DCD13B8003CCAFD;
			minimizedProjectReferenceProxies = 1;
			preferredProjectObjectVersion = 77;
			productRefGroup = E09EF8222DCD13B8003CCAFD /* Products */;
			projectDirPath = "";
			projectRoot = "";
			targets = (
				E09EF8202DCD13B8003CCAFD /* Databricks */,
				E09EF8342DCD13B9003CCAFD /* DatabricksTests */,
				E09EF83E2DCD13B9003CCAFD /* DatabricksUITests */,
			);
		};
/* End PBXProject section */

/* Begin PBXResourcesBuildPhase section */
		E09EF81F2DCD13B8003CCAFD /* Resources */ = {
			isa = PBXResourcesBuildPhase;
			buildActionMask = 2147483647;
			files = (
			);
			runOnlyForDeploymentPostprocessing = 0;
		};
		E09EF8332DCD13B9003CCAFD /* Resources */ = {
			isa = PBXResourcesBuildPhase;
			buildActionMask = 2147483647;
			files = (
			);
			runOnlyForDeploymentPostprocessing = 0;
		};
		E09EF83D2DCD13B9003CCAFD /* Resources */ = {
			isa = PBXResourcesBuildPhase;
			buildActionMask = 2147483647;
			files = (
			);
			runOnlyForDeploymentPostprocessing = 0;
		};
/* End PBXResourcesBuildPhase section */

/* Begin PBXSourcesBuildPhase section */
		E09EF81D2DCD13B8003CCAFD /* Sources */ = {
			isa = PBXSourcesBuildPhase;
			buildActionMask = 2147483647;
			files = (
			);
			runOnlyForDeploymentPostprocessing = 0;
		};
		E09EF8312DCD13B9003CCAFD /* Sources */ = {
			isa = PBXSourcesBuildPhase;
			buildActionMask = 2147483647;
			files = (
			);
			runOnlyForDeploymentPostprocessing = 0;
		};
		E09EF83B2DCD13B9003CCAFD /* Sources */ = {
			isa = PBXSourcesBuildPhase;
			buildActionMask = 2147483647;
			files = (
			);
			runOnlyForDeploymentPostprocessing = 0;
		};
/* End PBXSourcesBuildPhase section */

/* Begin PBXTargetDependency section */
		E09EF8372DCD13B9003CCAFD /* PBXTargetDependency */ = {
			isa = PBXTargetDependency;
			target = E09EF8202DCD13B8003CCAFD /* Databricks */;
			targetProxy = E09EF8362DCD13B9003CCAFD /* PBXContainerItemProxy */;
		};
		E09EF8412DCD13B9003CCAFD /* PBXTargetDependency */ = {
			isa = PBXTargetDependency;
			target = E09EF8202DCD13B8003CCAFD /* Databricks */;
			targetProxy = E09EF8402DCD13B9003CCAFD /* PBXContainerItemProxy */;
		};
/* End PBXTargetDependency section */

/* Begin XCBuildConfiguration section */
		E09EF8492DCD13B9003CCAFD /* Debug */ = {
			isa = XCBuildConfiguration;
			buildSettings = {
				ASSETCATALOG_COMPILER_APPICON_NAME = AppIcon;
				ASSETCATALOG_COMPILER_GLOBAL_ACCENT_COLOR_NAME = AccentColor;
				CODE_SIGN_ENTITLEMENTS = Databricks/Databricks.entitlements;
				CODE_SIGN_STYLE = Automatic;
				COMBINE_HIDPI_IMAGES = YES;
				CURRENT_PROJECT_VERSION = 1;
				DEVELOPMENT_ASSET_PATHS = "\"Databricks/Preview Content\"";
				ENABLE_PREVIEWS = YES;
				GENERATE_INFOPLIST_FILE = YES;
				INFOPLIST_FILE = Databricks/Info.plist;
				INFOPLIST_KEY_NSHumanReadableCopyright = "";
				LD_RUNPATH_SEARCH_PATHS = (
					"$(inherited)",
					"@executable_path/../Frameworks",
				);
				MARKETING_VERSION = 1.0;
				PRODUCT_BUNDLE_IDENTIFIER = SCNF.Databricks;
				PRODUCT_NAME = "$(TARGET_NAME)";
				SWIFT_EMIT_LOC_STRINGS = YES;
				SWIFT_VERSION = 5.0;
			};
			name = Debug;
		};
		E09EF84A2DCD13B9003CCAFD /* Release */ = {
			isa = XCBuildConfiguration;
			buildSettings = {
				ASSETCATALOG_COMPILER_APPICON_NAME = AppIcon;
				ASSETCATALOG_COMPILER_GLOBAL_ACCENT_COLOR_NAME = AccentColor;
				CODE_SIGN_ENTITLEMENTS = Databricks/Databricks.entitlements;
				CODE_SIGN_STYLE = Automatic;
				COMBINE_HIDPI_IMAGES = YES;
				CURRENT_PROJECT_VERSION = 1;
				DEVELOPMENT_ASSET_PATHS = "\"Databricks/Preview Content\"";
				ENABLE_PREVIEWS = YES;
				GENERATE_INFOPLIST_FILE = YES;
				INFOPLIST_FILE = Databricks/Info.plist;
				INFOPLIST_KEY_NSHumanReadableCopyright = "";
				LD_RUNPATH_SEARCH_PATHS = (
					"$(inherited)",
					"@executable_path/../Frameworks",
				);
				MARKETING_VERSION = 1.0;
				PRODUCT_BUNDLE_IDENTIFIER = SCNF.Databricks;
				PRODUCT_NAME = "$(TARGET_NAME)";
				SWIFT_EMIT_LOC_STRINGS = YES;
				SWIFT_VERSION = 5.0;
			};
			name = Release;
		};
		E09EF84B2DCD13B9003CCAFD /* Debug */ = {
			isa = XCBuildConfiguration;
			buildSettings = {
				ALWAYS_SEARCH_USER_PATHS = NO;
				ASSETCATALOG_COMPILER_GENERATE_SWIFT_ASSET_SYMBOL_EXTENSIONS = YES;
				CLANG_ANALYZER_NONNULL = YES;
				CLANG_ANALYZER_NUMBER_OBJECT_CONVERSION = YES_AGGRESSIVE;
				CLANG_CXX_LANGUAGE_STANDARD = "gnu++20";
				CLANG_ENABLE_MODULES = YES;
				CLANG_ENABLE_OBJC_ARC = YES;
				CLANG_ENABLE_OBJC_WEAK = YES;
				CLANG_WARN_BLOCK_CAPTURE_AUTORELEASING = YES;
				CLANG_WARN_BOOL_CONVERSION = YES;
				CLANG_WARN_COMMA = YES;
				CLANG_WARN_CONSTANT_CONVERSION = YES;
				CLANG_WARN_DEPRECATED_OBJC_IMPLEMENTATIONS = YES;
				CLANG_WARN_DIRECT_OBJC_ISA_USAGE = YES_ERROR;
				CLANG_WARN_DOCUMENTATION_COMMENTS = YES;
				CLANG_WARN_EMPTY_BODY = YES;
				CLANG_WARN_ENUM_CONVERSION = YES;
				CLANG_WARN_INFINITE_RECURSION = YES;
				CLANG_WARN_INT_CONVERSION = YES;
				CLANG_WARN_NON_LITERAL_NULL_CONVERSION = YES;
				CLANG_WARN_OBJC_IMPLICIT_RETAIN_SELF = YES;
				CLANG_WARN_OBJC_LITERAL_CONVERSION = YES;
				CLANG_WARN_OBJC_ROOT_CLASS = YES_ERROR;
				CLANG_WARN_QUOTED_INCLUDE_IN_FRAMEWORK_HEADER = YES;
				CLANG_WARN_RANGE_LOOP_ANALYSIS = YES;
				CLANG_WARN_STRICT_PROTOTYPES = YES;
				CLANG_WARN_SUSPICIOUS_MOVE = YES;
				CLANG_WARN_UNGUARDED_AVAILABILITY = YES_AGGRESSIVE;
				CLANG_WARN_UNREACHABLE_CODE = YES;
				CLANG_WARN__DUPLICATE_METHOD_MATCH = YES;
				COPY_PHASE_STRIP = NO;
				DEBUG_INFORMATION_FORMAT = dwarf;
				ENABLE_STRICT_OBJC_MSGSEND = YES;
				ENABLE_TESTABILITY = YES;
				ENABLE_USER_SCRIPT_SANDBOXING = YES;
				GCC_C_LANGUAGE_STANDARD = gnu17;
				GCC_DYNAMIC_NO_PIC = NO;
				GCC_NO_COMMON_BLOCKS = YES;
				GCC_OPTIMIZATION_LEVEL = 0;
				GCC_PREPROCESSOR_DEFINITIONS = (
					"DEBUG=1",
					"$(inherited)",
				);
				GCC_WARN_64_TO_32_BIT_CONVERSION = YES;
				GCC_WARN_ABOUT_RETURN_TYPE = YES_ERROR;
				GCC_WARN_UNDECLARED_SELECTOR = YES;
				GCC_WARN_UNINITIALIZED_AUTOS = YES_AGGRESSIVE;
				GCC_WARN_UNUSED_FUNCTION = YES;
				GCC_WARN_UNUSED_VARIABLE = YES;
				LOCALIZATION_PREFERS_STRING_CATALOGS = YES;
				MACOSX_DEPLOYMENT_TARGET = 14.7;
				MTL_ENABLE_DEBUG_INFO = INCLUDE_SOURCE;
				MTL_FAST_MATH = YES;
				ONLY_ACTIVE_ARCH = YES;
				SDKROOT = macosx;
				SWIFT_ACTIVE_COMPILATION_CONDITIONS = "DEBUG $(inherited)";
				SWIFT_OPTIMIZATION_LEVEL = "-Onone";
			};
			name = Debug;
		};
		E09EF84C2DCD13B9003CCAFD /* Release */ = {
			isa = XCBuildConfiguration;
			buildSettings = {
				ALWAYS_SEARCH_USER_PATHS = NO;
				ASSETCATALOG_COMPILER_GENERATE_SWIFT_ASSET_SYMBOL_EXTENSIONS = YES;
				CLANG_ANALYZER_NONNULL = YES;
				CLANG_ANALYZER_NUMBER_OBJECT_CONVERSION = YES_AGGRESSIVE;
				CLANG_CXX_LANGUAGE_STANDARD = "gnu++20";
				CLANG_ENABLE_MODULES = YES;
				CLANG_ENABLE_OBJC_ARC = YES;
				CLANG_ENABLE_OBJC_WEAK = YES;
				CLANG_WARN_BLOCK_CAPTURE_AUTORELEASING = YES;
				CLANG_WARN_BOOL_CONVERSION = YES;
				CLANG_WARN_COMMA = YES;
				CLANG_WARN_CONSTANT_CONVERSION = YES;
				CLANG_WARN_DEPRECATED_OBJC_IMPLEMENTATIONS = YES;
				CLANG_WARN_DIRECT_OBJC_ISA_USAGE = YES_ERROR;
				CLANG_WARN_DOCUMENTATION_COMMENTS = YES;
				CLANG_WARN_EMPTY_BODY = YES;
				CLANG_WARN_ENUM_CONVERSION = YES;
				CLANG_WARN_INFINITE_RECURSION = YES;
				CLANG_WARN_INT_CONVERSION = YES;
				CLANG_WARN_NON_LITERAL_NULL_CONVERSION = YES;
				CLANG_WARN_OBJC_IMPLICIT_RETAIN_SELF = YES;
				CLANG_WARN_OBJC_LITERAL_CONVERSION = YES;
				CLANG_WARN_OBJC_ROOT_CLASS = YES_ERROR;
				CLANG_WARN_QUOTED_INCLUDE_IN_FRAMEWORK_HEADER = YES;
				CLANG_WARN_RANGE_LOOP_ANALYSIS = YES;
				CLANG_WARN_STRICT_PROTOTYPES = YES;
				CLANG_WARN_SUSPICIOUS_MOVE = YES;
				CLANG_WARN_UNGUARDED_AVAILABILITY = YES_AGGRESSIVE;
				CLANG_WARN_UNREACHABLE_CODE = YES;
				CLANG_WARN__DUPLICATE_METHOD_MATCH = YES;
				COPY_PHASE_STRIP = NO;
				DEBUG_INFORMATION_FORMAT = "dwarf-with-dsym";
				ENABLE_NS_ASSERTIONS = NO;
				ENABLE_STRICT_OBJC_MSGSEND = YES;
				ENABLE_USER_SCRIPT_SANDBOXING = YES;
				GCC_C_LANGUAGE_STANDARD = gnu17;
				GCC_NO_COMMON_BLOCKS = YES;
				GCC_WARN_64_TO_32_BIT_CONVERSION = YES;
				GCC_WARN_ABOUT_RETURN_TYPE = YES_ERROR;
				GCC_WARN_UNDECLARED_SELECTOR = YES;
				GCC_WARN_UNINITIALIZED_AUTOS = YES_AGGRESSIVE;
				GCC_WARN_UNUSED_FUNCTION = YES;
				GCC_WARN_UNUSED_VARIABLE = YES;
				LOCALIZATION_PREFERS_STRING_CATALOGS = YES;
				MACOSX_DEPLOYMENT_TARGET = 14.7;
				MTL_ENABLE_DEBUG_INFO = NO;
				MTL_FAST_MATH = YES;
				SDKROOT = macosx;
				SWIFT_COMPILATION_MODE = wholemodule;
			};
			name = Release;
		};
		E09EF84E2DCD13B9003CCAFD /* Debug */ = {
			isa = XCBuildConfiguration;
			buildSettings = {
				BUNDLE_LOADER = "$(TEST_HOST)";
				CODE_SIGN_STYLE = Automatic;
				CURRENT_PROJECT_VERSION = 1;
				GENERATE_INFOPLIST_FILE = YES;
				MACOSX_DEPLOYMENT_TARGET = 14.7;
				MARKETING_VERSION = 1.0;
				PRODUCT_BUNDLE_IDENTIFIER = SCNF.DatabricksTests;
				PRODUCT_NAME = "$(TARGET_NAME)";
				SWIFT_EMIT_LOC_STRINGS = NO;
				SWIFT_VERSION = 5.0;
				TEST_HOST = "$(BUILT_PRODUCTS_DIR)/Databricks.app/$(BUNDLE_EXECUTABLE_FOLDER_PATH)/Databricks";
			};
			name = Debug;
		};
		E09EF84F2DCD13B9003CCAFD /* Release */ = {
			isa = XCBuildConfiguration;
			buildSettings = {
				BUNDLE_LOADER = "$(TEST_HOST)";
				CODE_SIGN_STYLE = Automatic;
				CURRENT_PROJECT_VERSION = 1;
				GENERATE_INFOPLIST_FILE = YES;
				MACOSX_DEPLOYMENT_TARGET = 14.7;
				MARKETING_VERSION = 1.0;
				PRODUCT_BUNDLE_IDENTIFIER = SCNF.DatabricksTests;
				PRODUCT_NAME = "$(TARGET_NAME)";
				SWIFT_EMIT_LOC_STRINGS = NO;
				SWIFT_VERSION = 5.0;
				TEST_HOST = "$(BUILT_PRODUCTS_DIR)/Databricks.app/$(BUNDLE_EXECUTABLE_FOLDER_PATH)/Databricks";
			};
			name = Release;
		};
		E09EF8512DCD13B9003CCAFD /* Debug */ = {
			isa = XCBuildConfiguration;
			buildSettings = {
				CODE_SIGN_STYLE = Automatic;
				CURRENT_PROJECT_VERSION = 1;
				GENERATE_INFOPLIST_FILE = YES;
				MARKETING_VERSION = 1.0;
				PRODUCT_BUNDLE_IDENTIFIER = SCNF.DatabricksUITests;
				PRODUCT_NAME = "$(TARGET_NAME)";
				SWIFT_EMIT_LOC_STRINGS = NO;
				SWIFT_VERSION = 5.0;
				TEST_TARGET_NAME = Databricks;
			};
			name = Debug;
		};
		E09EF8522DCD13B9003CCAFD /* Release */ = {
			isa = XCBuildConfiguration;
			buildSettings = {
				CODE_SIGN_STYLE = Automatic;
				CURRENT_PROJECT_VERSION = 1;
				GENERATE_INFOPLIST_FILE = YES;
				MARKETING_VERSION = 1.0;
				PRODUCT_BUNDLE_IDENTIFIER = SCNF.DatabricksUITests;
				PRODUCT_NAME = "$(TARGET_NAME)";
				SWIFT_EMIT_LOC_STRINGS = NO;
				SWIFT_VERSION = 5.0;
				TEST_TARGET_NAME = Databricks;
			};
			name = Release;
		};
/* End XCBuildConfiguration section */

/* Begin XCConfigurationList section */
		E09EF81C2DCD13B8003CCAFD /* Build configuration list for PBXProject "Databricks" */ = {
			isa = XCConfigurationList;
			buildConfigurations = (
				E09EF84B2DCD13B9003CCAFD /* Debug */,
				E09EF84C2DCD13B9003CCAFD /* Release */,
			);
			defaultConfigurationIsVisible = 0;
			defaultConfigurationName = Release;
		};
		E09EF8482DCD13B9003CCAFD /* Build configuration list for PBXNativeTarget "Databricks" */ = {
			isa = XCConfigurationList;
			buildConfigurations = (
				E09EF8492DCD13B9003CCAFD /* Debug */,
				E09EF84A2DCD13B9003CCAFD /* Release */,
			);
			defaultConfigurationIsVisible = 0;
			defaultConfigurationName = Release;
		};
		E09EF84D2DCD13B9003CCAFD /* Build configuration list for PBXNativeTarget "DatabricksTests" */ = {
			isa = XCConfigurationList;
			buildConfigurations = (
				E09EF84E2DCD13B9003CCAFD /* Debug */,
				E09EF84F2DCD13B9003CCAFD /* Release */,
			);
			defaultConfigurationIsVisible = 0;
			defaultConfigurationName = Release;
		};
		E09EF8502DCD13B9003CCAFD /* Build configuration list for PBXNativeTarget "DatabricksUITests" */ = {
			isa = XCConfigurationList;
			buildConfigurations = (
				E09EF8512DCD13B9003CCAFD /* Debug */,
				E09EF8522DCD13B9003CCAFD /* Release */,
			);
			defaultConfigurationIsVisible = 0;
			defaultConfigurationName = Release;
		};
/* End XCConfigurationList section */
	};
	rootObject = E09EF8192DCD13B8003CCAFD /* Project object */;
}
